
Microsoft Visual Studio Solution File, Format Version 12.00
# Visual Studio Version 16
VisualStudioVersion = 16.0.30011.22
MinimumVisualStudioVersion = 10.0.40219.1
Project("{FAE04EC0-301F-11D3-BF4B-00C04F79EFBC}") = "UnificadorAccera", "UnificadorAccera.csproj", "{06E20E62-D7C6-44B7-B217-084E1721B784}"
EndProject
Global
	GlobalSection(SolutionConfigurationPlatforms) = preSolution
		Debug|Any CPU = Debug|Any CPU
		Release|Any CPU = Release|Any CPU
	EndGlobalSection
	GlobalSection(ProjectConfigurationPlatforms) = postSolution
		{06E20E62-D7C6-44B7-B217-084E1721B784}.Debug|Any CPU.ActiveCfg = Debug|Any CPU
		{06E20E62-D7C6-44B7-B217-084E1721B784}.Debug|Any CPU.Build.0 = Debug|Any CPU
		{06E20E62-D7C6-44B7-B217-084E1721B784}.Release|Any CPU.ActiveCfg = Release|Any CPU
		{06E20E62-D7C6-44B7-B217-084E1721B784}.Release|Any CPU.Build.0 = Release|Any CPU
	EndGlobalSection
	GlobalSection(SolutionProperties) = preSolution
		HideSolutionNode = FALSE
	EndGlobalSection
	GlobalSection(ExtensibilityGlobals) = postSolution
		SolutionGuid = {C5B6BD3C-4EE3-4A19-B2F5-0314B04327D9}
	EndGlobalSection
EndGlobal
